{
  "version": 4,
  "terraform_version": "1.5.7",
  "serial": 175,
  "lineage": "fbfdb484-e35d-1ba0-4edb-bcc17ba841f8",
  "outputs": {
    "name": {
      "value": {
        "arn": "arn:aws:iam::786401838206:role/role-kops",
        "assume_role_policy": "{\"Statement\":[{\"Action\":\"sts:AssumeRole\",\"Effect\":\"Allow\",\"Principal\":{\"Service\":\"ec2.amazonaws.com\"}}],\"Version\":\"2012-10-17\"}",
        "create_date": "2023-12-10T15:17:11Z",
        "description": "",
        "force_detach_policies": false,
        "id": "role-kops",
        "inline_policy": [],
        "managed_policy_arns": [
          "arn:aws:iam::aws:policy/AmazonEC2FullAccess",
          "arn:aws:iam::aws:policy/AmazonEventBridgeFullAccess",
          "arn:aws:iam::aws:policy/AmazonRoute53FullAccess",
          "arn:aws:iam::aws:policy/AmazonS3FullAccess",
          "arn:aws:iam::aws:policy/AmazonSQSFullAccess",
          "arn:aws:iam::aws:policy/AmazonVPCFullAccess",
          "arn:aws:iam::aws:policy/IAMFullAccess"
        ],
        "max_session_duration": 3600,
        "name": "role-kops",
        "name_prefix": "",
        "path": "/",
        "permissions_boundary": "",
        "tags": null,
        "tags_all": {},
        "unique_id": "AROA3OGJTYR7HVZMUUJTT"
      },
      "type": [
        "object",
        {
          "arn": "string",
          "assume_role_policy": "string",
          "create_date": "string",
          "description": "string",
          "force_detach_policies": "bool",
          "id": "string",
          "inline_policy": [
            "set",
            [
              "object",
              {
                "name": "string",
                "policy": "string"
              }
            ]
          ],
          "managed_policy_arns": [
            "set",
            "string"
          ],
          "max_session_duration": "number",
          "name": "string",
          "name_prefix": "string",
          "path": "string",
          "permissions_boundary": "string",
          "tags": [
            "map",
            "string"
          ],
          "tags_all": [
            "map",
            "string"
          ],
          "unique_id": "string"
        }
      ]
    }
  },
  "resources": [
    {
      "mode": "data",
      "type": "aws_iam_policy_document",
      "name": "instance_assume_role_policy",
      "provider": "provider[\"registry.terraform.io/hashicorp/aws\"]",
      "instances": [
        {
          "schema_version": 0,
          "attributes": {
            "id": "1443847869",
            "json": "{\n  \"Version\": \"2012-10-17\",\n  \"Statement\": [\n    {\n      \"Effect\": \"Allow\",\n      \"Action\": \"sts:AssumeRole\",\n      \"Principal\": {\n        \"Service\": \"ec2.amazonaws.com\"\n      }\n    }\n  ]\n}",
            "override_policy_documents": null,
            "policy_id": null,
            "source_policy_documents": null,
            "statement": [
              {
                "actions": [
                  "sts:AssumeRole"
                ],
                "condition": [],
                "effect": "Allow",
                "not_actions": [],
                "not_principals": [],
                "not_resources": [],
                "principals": [
                  {
                    "identifiers": [
                      "ec2.amazonaws.com"
                    ],
                    "type": "Service"
                  }
                ],
                "resources": [],
                "sid": ""
              }
            ],
            "version": "2012-10-17"
          },
          "sensitive_attributes": []
        }
      ]
    },
    {
      "mode": "data",
      "type": "aws_iam_roles",
      "name": "all_roles",
      "provider": "provider[\"registry.terraform.io/hashicorp/aws\"]",
      "instances": [
        {
          "schema_version": 0,
          "attributes": {
            "arns": [
              "arn:aws:iam::786401838206:role/aws-ec2-spot-fleet-tagging-role",
              "arn:aws:iam::786401838206:role/aws-service-role/spot.amazonaws.com/AWSServiceRoleForEC2Spot",
              "arn:aws:iam::786401838206:role/aws-service-role/support.amazonaws.com/AWSServiceRoleForSupport",
              "arn:aws:iam::786401838206:role/aws-service-role/trustedadvisor.amazonaws.com/AWSServiceRoleForTrustedAdvisor",
              "arn:aws:iam::786401838206:role/role-kops-ec2"
            ],
            "id": "eu-central-1",
            "name_regex": null,
            "names": [
              "AWSServiceRoleForEC2Spot",
              "AWSServiceRoleForSupport",
              "AWSServiceRoleForTrustedAdvisor",
              "aws-ec2-spot-fleet-tagging-role",
              "role-kops-ec2"
            ],
            "path_prefix": null
          },
          "sensitive_attributes": []
        }
      ]
    },
    {
      "mode": "managed",
      "type": "aws_iam_role",
      "name": "single_role",
      "provider": "provider[\"registry.terraform.io/hashicorp/aws\"]",
      "instances": [
        {
          "schema_version": 0,
          "attributes": {
            "arn": "arn:aws:iam::786401838206:role/role-kops",
            "assume_role_policy": "{\"Statement\":[{\"Action\":\"sts:AssumeRole\",\"Effect\":\"Allow\",\"Principal\":{\"Service\":\"ec2.amazonaws.com\"}}],\"Version\":\"2012-10-17\"}",
            "create_date": "2023-12-10T15:17:11Z",
            "description": "",
            "force_detach_policies": false,
            "id": "role-kops",
            "inline_policy": [],
            "managed_policy_arns": [
              "arn:aws:iam::aws:policy/AmazonEC2FullAccess",
              "arn:aws:iam::aws:policy/AmazonEventBridgeFullAccess",
              "arn:aws:iam::aws:policy/AmazonRoute53FullAccess",
              "arn:aws:iam::aws:policy/AmazonS3FullAccess",
              "arn:aws:iam::aws:policy/AmazonSQSFullAccess",
              "arn:aws:iam::aws:policy/AmazonVPCFullAccess",
              "arn:aws:iam::aws:policy/IAMFullAccess"
            ],
            "max_session_duration": 3600,
            "name": "role-kops",
            "name_prefix": "",
            "path": "/",
            "permissions_boundary": "",
            "tags": null,
            "tags_all": {},
            "unique_id": "AROA3OGJTYR7HVZMUUJTT"
          },
          "sensitive_attributes": [],
          "private": "bnVsbA==",
          "dependencies": [
            "data.aws_iam_policy_document.instance_assume_role_policy"
          ]
        }
      ]
    }
  ],
  "check_results": null
}
