{
  "version": 4,
  "terraform_version": "1.5.7",
  "serial": 23,
  "lineage": "8a6d8d70-7538-9795-1b6c-af2733aec64d",
  "outputs": {
    "aws_instance": {
      "value": "35.159.31.52",
      "type": "string"
    },
    "aws_instance_user_data": {
      "value": "bc004764644f24c79ccc33554207454cb2126fd8",
      "type": "string"
    }
  },
  "resources": [
    {
      "mode": "data",
      "type": "aws_iam_instance_profile",
      "name": "example",
      "provider": "provider[\"registry.terraform.io/hashicorp/aws\"]",
      "instances": [
        {
          "schema_version": 0,
          "attributes": {
            "arn": "arn:aws:iam::786401838206:instance-profile/ec2_instance_profile2",
            "create_date": "2023-12-10 15:20:10 +0000 UTC",
            "id": "AIPA3OGJTYR7H2IQ2QDZG",
            "name": "ec2_instance_profile2",
            "path": "/",
            "role_arn": "arn:aws:iam::786401838206:role/ec2-kops-role",
            "role_id": "AROA3OGJTYR7HVW4ODWQP",
            "role_name": "ec2-kops-role"
          },
          "sensitive_attributes": []
        }
      ]
    },
    {
      "mode": "managed",
      "type": "aws_instance",
      "name": "myec2",
      "provider": "provider[\"registry.terraform.io/hashicorp/aws\"]",
      "instances": [
        {
          "schema_version": 1,
          "attributes": {
            "ami": "ami-088e71edb8795252f",
            "arn": "arn:aws:ec2:eu-central-1:786401838206:instance/i-0bd0b5e4d463a11e5",
            "associate_public_ip_address": true,
            "availability_zone": "eu-central-1a",
            "capacity_reservation_specification": [
              {
                "capacity_reservation_preference": "open",
                "capacity_reservation_target": []
              }
            ],
            "cpu_core_count": 1,
            "cpu_options": [
              {
                "amd_sev_snp": "",
                "core_count": 1,
                "threads_per_core": 1
              }
            ],
            "cpu_threads_per_core": 1,
            "credit_specification": [
              {
                "cpu_credits": "standard"
              }
            ],
            "disable_api_stop": false,
            "disable_api_termination": false,
            "ebs_block_device": [],
            "ebs_optimized": false,
            "enclave_options": [
              {
                "enabled": false
              }
            ],
            "ephemeral_block_device": [],
            "get_password_data": false,
            "hibernation": false,
            "host_id": "",
            "host_resource_group_arn": null,
            "iam_instance_profile": "ec2_instance_profile2",
            "id": "i-0bd0b5e4d463a11e5",
            "instance_initiated_shutdown_behavior": "stop",
            "instance_lifecycle": "",
            "instance_market_options": [],
            "instance_state": "running",
            "instance_type": "t2.micro",
            "ipv6_address_count": 0,
            "ipv6_addresses": [],
            "key_name": "ect-key",
            "launch_template": [],
            "maintenance_options": [
              {
                "auto_recovery": "default"
              }
            ],
            "metadata_options": [
              {
                "http_endpoint": "enabled",
                "http_protocol_ipv6": "disabled",
                "http_put_response_hop_limit": 2,
                "http_tokens": "required",
                "instance_metadata_tags": "disabled"
              }
            ],
            "monitoring": false,
            "network_interface": [],
            "outpost_arn": "",
            "password_data": "",
            "placement_group": "",
            "placement_partition_number": 0,
            "primary_network_interface_id": "eni-03db0c41ec095e442",
            "private_dns": "ip-172-31-22-28.eu-central-1.compute.internal",
            "private_dns_name_options": [
              {
                "enable_resource_name_dns_a_record": false,
                "enable_resource_name_dns_aaaa_record": false,
                "hostname_type": "ip-name"
              }
            ],
            "private_ip": "172.31.22.28",
            "public_dns": "ec2-35-159-31-52.eu-central-1.compute.amazonaws.com",
            "public_ip": "35.159.31.52",
            "root_block_device": [
              {
                "delete_on_termination": true,
                "device_name": "/dev/xvda",
                "encrypted": false,
                "iops": 3000,
                "kms_key_id": "",
                "tags": {},
                "throughput": 125,
                "volume_id": "vol-03ea498f66959d045",
                "volume_size": 8,
                "volume_type": "gp3"
              }
            ],
            "secondary_private_ips": [],
            "security_groups": [
              "VioWebServerGroup",
              "default"
            ],
            "source_dest_check": true,
            "spot_instance_request_id": "",
            "subnet_id": "subnet-0fec366cb0b5cccaf",
            "tags": {
              "Name": "ec2-for-kops"
            },
            "tags_all": {
              "Name": "ec2-for-kops"
            },
            "tenancy": "default",
            "timeouts": null,
            "user_data": "bc004764644f24c79ccc33554207454cb2126fd8",
            "user_data_base64": null,
            "user_data_replace_on_change": false,
            "volume_tags": null,
            "vpc_security_group_ids": [
              "sg-08be11322872e4328",
              "sg-0da013698941ff354"
            ]
          },
          "sensitive_attributes": [],
          "private": "eyJlMmJmYjczMC1lY2FhLTExZTYtOGY4OC0zNDM2M2JjN2M0YzAiOnsiY3JlYXRlIjo2MDAwMDAwMDAwMDAsImRlbGV0ZSI6MTIwMDAwMDAwMDAwMCwidXBkYXRlIjo2MDAwMDAwMDAwMDB9LCJzY2hlbWFfdmVyc2lvbiI6IjEifQ==",
          "dependencies": [
            "data.aws_iam_instance_profile.example"
          ]
        }
      ]
    }
  ],
  "check_results": null
}
