{
  "version": 4,
  "terraform_version": "1.5.7",
  "serial": 36,
  "lineage": "8a6d8d70-7538-9795-1b6c-af2733aec64d",
  "outputs": {
    "aws_instance_user_data": {
      "value": "529f8355f9ea1e0b54ef599fbe7c749ffe1cc241",
      "type": "string"
    }
  },
  "resources": [
    {
      "mode": "managed",
      "type": "aws_instance",
      "name": "myec2",
      "provider": "provider[\"registry.terraform.io/hashicorp/aws\"]",
      "instances": [
        {
          "status": "tainted",
          "schema_version": 1,
          "attributes": {
            "ami": "ami-088e71edb8795252f",
            "arn": null,
            "associate_public_ip_address": null,
            "availability_zone": "eu-central-1a",
            "capacity_reservation_specification": null,
            "cpu_core_count": null,
            "cpu_options": null,
            "cpu_threads_per_core": null,
            "credit_specification": [],
            "disable_api_stop": null,
            "disable_api_termination": null,
            "ebs_block_device": [],
            "ebs_optimized": null,
            "enclave_options": null,
            "ephemeral_block_device": [],
            "get_password_data": false,
            "hibernation": null,
            "host_id": null,
            "host_resource_group_arn": null,
            "iam_instance_profile": null,
            "id": "i-05e23757be1287de2",
            "instance_initiated_shutdown_behavior": null,
            "instance_lifecycle": null,
            "instance_market_options": null,
            "instance_state": null,
            "instance_type": "t2.micro",
            "ipv6_address_count": null,
            "ipv6_addresses": null,
            "key_name": "ect-key",
            "launch_template": [],
            "maintenance_options": null,
            "metadata_options": null,
            "monitoring": null,
            "network_interface": [],
            "outpost_arn": null,
            "password_data": null,
            "placement_group": null,
            "placement_partition_number": null,
            "primary_network_interface_id": null,
            "private_dns": null,
            "private_dns_name_options": null,
            "private_ip": null,
            "public_dns": null,
            "public_ip": null,
            "root_block_device": null,
            "secondary_private_ips": [],
            "security_groups": [],
            "source_dest_check": true,
            "spot_instance_request_id": null,
            "subnet_id": null,
            "tags": {
              "Name": "ec2-ect-instance"
            },
            "tags_all": {
              "Name": "ec2-ect-instance"
            },
            "tenancy": null,
            "timeouts": null,
            "user_data": "529f8355f9ea1e0b54ef599fbe7c749ffe1cc241",
            "user_data_base64": null,
            "user_data_replace_on_change": false,
            "volume_tags": null,
            "vpc_security_group_ids": [
              "sg-08be11322872e4328",
              "sg-0da013698941ff354"
            ]
          },
          "sensitive_attributes": [],
          "private": "eyJlMmJmYjczMC1lY2FhLTExZTYtOGY4OC0zNDM2M2JjN2M0YzAiOnsiY3JlYXRlIjo2MDAwMDAwMDAwMDAsImRlbGV0ZSI6MTIwMDAwMDAwMDAwMCwidXBkYXRlIjo2MDAwMDAwMDAwMDB9LCJzY2hlbWFfdmVyc2lvbiI6IjEifQ=="
        }
      ]
    }
  ],
  "check_results": null
}
